
Microsoft Visual Studio Solution File, Format Version 12.00
# Visual Studio 2013
VisualStudioVersion = 12.0.31101.0
MinimumVisualStudioVersion = 10.0.40219.1
Project("{FAE04EC0-301F-11D3-BF4B-00C04F79EFBC}") = "WebApplication3", "WebApplication3\WebApplication3.csproj", "{D0047C40-A90E-43E1-9B34-17C043370953}"
EndProject
Global
	GlobalSection(SolutionConfigurationPlatforms) = preSolution
		Debug|Any CPU = Debug|Any CPU
		Release|Any CPU = Release|Any CPU
	EndGlobalSection
	GlobalSection(ProjectConfigurationPlatforms) = postSolution
		{D0047C40-A90E-43E1-9B34-17C043370953}.Debug|Any CPU.ActiveCfg = Debug|Any CPU
		{D0047C40-A90E-43E1-9B34-17C043370953}.Debug|Any CPU.Build.0 = Debug|Any CPU
		{D0047C40-A90E-43E1-9B34-17C043370953}.Release|Any CPU.ActiveCfg = Release|Any CPU
		{D0047C40-A90E-43E1-9B34-17C043370953}.Release|Any CPU.Build.0 = Release|Any CPU
	EndGlobalSection
	GlobalSection(SolutionProperties) = preSolution
		HideSolutionNode = FALSE
	EndGlobalSection
EndGlobal
