
Microsoft Visual Studio Solution File, Format Version 12.00
# Visual Studio 2012
Project("{FAE04EC0-301F-11D3-BF4B-00C04F79EFBC}") = "DataLayer", "DataLayer\DataLayer.csproj", "{FEB224BB-571A-4AD0-836B-5A96971C404E}"
EndProject
Project("{2150E333-8FDC-42A3-9474-1A3956D46DE8}") = "Tests", "Tests", "{A8AB66E7-7A94-4F68-945C-E01D0ABBCE1B}"
EndProject
Project("{FAE04EC0-301F-11D3-BF4B-00C04F79EFBC}") = "DataLayer.Tests", "DataLayer.Tests\DataLayer.Tests.csproj", "{4A729EF9-AB5D-45CC-B33E-551CE6CB1D4C}"
EndProject
Project("{00D1A9C2-B5F0-4AF3-8072-F6C62B433612}") = "Database", "Database\Database.sqlproj", "{B5652D37-40C1-4AD9-86E4-31A13CC0AE7B}"
EndProject
Project("{2150E333-8FDC-42A3-9474-1A3956D46DE8}") = "Data", "Data", "{AFAF1FCB-95AA-4DB3-A974-AD63BC4DA879}"
EndProject
Global
	GlobalSection(SolutionConfigurationPlatforms) = preSolution
		Debug|Any CPU = Debug|Any CPU
		Release|Any CPU = Release|Any CPU
	EndGlobalSection
	GlobalSection(ProjectConfigurationPlatforms) = postSolution
		{FEB224BB-571A-4AD0-836B-5A96971C404E}.Debug|Any CPU.ActiveCfg = Debug|Any CPU
		{FEB224BB-571A-4AD0-836B-5A96971C404E}.Debug|Any CPU.Build.0 = Debug|Any CPU
		{FEB224BB-571A-4AD0-836B-5A96971C404E}.Release|Any CPU.ActiveCfg = Release|Any CPU
		{FEB224BB-571A-4AD0-836B-5A96971C404E}.Release|Any CPU.Build.0 = Release|Any CPU
		{4A729EF9-AB5D-45CC-B33E-551CE6CB1D4C}.Debug|Any CPU.ActiveCfg = Debug|Any CPU
		{4A729EF9-AB5D-45CC-B33E-551CE6CB1D4C}.Debug|Any CPU.Build.0 = Debug|Any CPU
		{4A729EF9-AB5D-45CC-B33E-551CE6CB1D4C}.Release|Any CPU.ActiveCfg = Release|Any CPU
		{4A729EF9-AB5D-45CC-B33E-551CE6CB1D4C}.Release|Any CPU.Build.0 = Release|Any CPU
		{B5652D37-40C1-4AD9-86E4-31A13CC0AE7B}.Debug|Any CPU.ActiveCfg = Debug|Any CPU
		{B5652D37-40C1-4AD9-86E4-31A13CC0AE7B}.Debug|Any CPU.Build.0 = Debug|Any CPU
		{B5652D37-40C1-4AD9-86E4-31A13CC0AE7B}.Debug|Any CPU.Deploy.0 = Debug|Any CPU
		{B5652D37-40C1-4AD9-86E4-31A13CC0AE7B}.Release|Any CPU.ActiveCfg = Release|Any CPU
		{B5652D37-40C1-4AD9-86E4-31A13CC0AE7B}.Release|Any CPU.Build.0 = Release|Any CPU
		{B5652D37-40C1-4AD9-86E4-31A13CC0AE7B}.Release|Any CPU.Deploy.0 = Release|Any CPU
	EndGlobalSection
	GlobalSection(SolutionProperties) = preSolution
		HideSolutionNode = FALSE
	EndGlobalSection
	GlobalSection(NestedProjects) = preSolution
		{4A729EF9-AB5D-45CC-B33E-551CE6CB1D4C} = {A8AB66E7-7A94-4F68-945C-E01D0ABBCE1B}
		{B5652D37-40C1-4AD9-86E4-31A13CC0AE7B} = {AFAF1FCB-95AA-4DB3-A974-AD63BC4DA879}
	EndGlobalSection
EndGlobal
