
Microsoft Visual Studio Solution File, Format Version 12.00
# Visual Studio 2013
VisualStudioVersion = 12.0.31101.0
MinimumVisualStudioVersion = 10.0.40219.1
Project("{FAE04EC0-301F-11D3-BF4B-00C04F79EFBC}") = "FileStoreTest4", "FileStoreTest4\FileStoreTest4.csproj", "{181732F8-8F0D-4BBE-A74F-D806431806A7}"
EndProject
Project("{FAE04EC0-301F-11D3-BF4B-00C04F79EFBC}") = "FileStoreSpikes", "FileStoreSpikes\FileStoreSpikes.csproj", "{2AFF663D-724A-49F9-8143-887253145C25}"
EndProject
Global
	GlobalSection(SolutionConfigurationPlatforms) = preSolution
		Debug|Any CPU = Debug|Any CPU
		Release|Any CPU = Release|Any CPU
	EndGlobalSection
	GlobalSection(ProjectConfigurationPlatforms) = postSolution
		{181732F8-8F0D-4BBE-A74F-D806431806A7}.Debug|Any CPU.ActiveCfg = Debug|Any CPU
		{181732F8-8F0D-4BBE-A74F-D806431806A7}.Debug|Any CPU.Build.0 = Debug|Any CPU
		{181732F8-8F0D-4BBE-A74F-D806431806A7}.Release|Any CPU.ActiveCfg = Release|Any CPU
		{181732F8-8F0D-4BBE-A74F-D806431806A7}.Release|Any CPU.Build.0 = Release|Any CPU
		{2AFF663D-724A-49F9-8143-887253145C25}.Debug|Any CPU.ActiveCfg = Debug|Any CPU
		{2AFF663D-724A-49F9-8143-887253145C25}.Debug|Any CPU.Build.0 = Debug|Any CPU
		{2AFF663D-724A-49F9-8143-887253145C25}.Release|Any CPU.ActiveCfg = Release|Any CPU
		{2AFF663D-724A-49F9-8143-887253145C25}.Release|Any CPU.Build.0 = Release|Any CPU
	EndGlobalSection
	GlobalSection(SolutionProperties) = preSolution
		HideSolutionNode = FALSE
	EndGlobalSection
EndGlobal
